
Microsoft Visual Studio Solution File, Format Version 12.00
# Visual Studio 15
VisualStudioVersion = 15.0.27428.2037
MinimumVisualStudioVersion = 10.0.40219.1
Project("{2150E333-8FDC-42A3-9474-1A3956D46DE8}") = "4 - Hosts", "4 - Hosts", "{9E8730B2-36B7-4F1C-902E-77A428A68609}"
EndProject
Project("{2150E333-8FDC-42A3-9474-1A3956D46DE8}") = "2 - Splid", "2 - Splid", "{5FCC1FE2-B6BB-4D08-A106-B950131FC231}"
EndProject
Project("{9A19103F-16F7-4668-BE54-9A1E7A4F7556}") = "Splid.Infrastructure", "Splid.Infrastructure\Splid.Infrastructure.csproj", "{228C7C01-A6BA-4FC1-AB18-BA05C0BD00B6}"
EndProject
Project("{9A19103F-16F7-4668-BE54-9A1E7A4F7556}") = "Splid.Host.WebAPI", "Splid.Host.WebAPI\Splid.Host.WebAPI.csproj", "{EBCCAFFC-7C20-4892-8ECA-86B0B8C16A54}"
EndProject
Project("{9A19103F-16F7-4668-BE54-9A1E7A4F7556}") = "Splid.WebAPI", "Splid.WebAPI\Splid.WebAPI.csproj", "{7A7CA122-B9A1-4D16-81A2-B100D53E8501}"
EndProject
Project("{9A19103F-16F7-4668-BE54-9A1E7A4F7556}") = "Splid.Domain.Main", "Splid.Domain\Splid.Domain.Main.csproj", "{B4FAD95F-4A32-4750-BD60-4A3888CD170F}"
EndProject
Project("{9A19103F-16F7-4668-BE54-9A1E7A4F7556}") = "Splid.Application", "Splid.Application\Splid.Application.csproj", "{1EC9535B-8E32-41EF-AA97-F374816A58EA}"
EndProject
Project("{9A19103F-16F7-4668-BE54-9A1E7A4F7556}") = "Splid.Host.ConsoleApp", "Splid.Host.ConsoleApp\Splid.Host.ConsoleApp.csproj", "{00732983-8EF7-4D63-932C-0CBE2F9818D0}"
EndProject
Project("{2150E333-8FDC-42A3-9474-1A3956D46DE8}") = "1 - Core", "1 - Core", "{CCF7E523-BFF2-4279-BA3F-AF8DD2914313}"
EndProject
Project("{9A19103F-16F7-4668-BE54-9A1E7A4F7556}") = "MyApp.Core", "MyApp.Core\MyApp.Core.csproj", "{0B8C8304-5F04-4BFF-B673-719FDBAD3E28}"
EndProject
Project("{2150E333-8FDC-42A3-9474-1A3956D46DE8}") = "2.3 - Application", "2.3 - Application", "{DDF8BCE7-FD8A-460E-800D-E975ADA7A2DE}"
EndProject
Project("{2150E333-8FDC-42A3-9474-1A3956D46DE8}") = "2.2 - Domain", "2.2 - Domain", "{D67E473D-4EC8-43CC-A166-51395C54A6BD}"
EndProject
Project("{2150E333-8FDC-42A3-9474-1A3956D46DE8}") = "2.4 - Infrastructure", "2.4 - Infrastructure", "{824B8F85-C004-4E83-BD81-9289EB339BBD}"
EndProject
Project("{2150E333-8FDC-42A3-9474-1A3956D46DE8}") = "2.5 - WebAPI", "2.5 - WebAPI", "{11717AA6-4279-46EC-BB19-D80CD82997D3}"
EndProject
Project("{2150E333-8FDC-42A3-9474-1A3956D46DE8}") = "3 - Auth", "3 - Auth", "{AD0E224E-37C2-4570-83F8-97FBC18936DC}"
EndProject
Project("{9A19103F-16F7-4668-BE54-9A1E7A4F7556}") = "Auth.Host.WebAPI", "Auth.Host.WebAPI\Auth.Host.WebAPI.csproj", "{0E4E8E30-A2A0-4105-9079-564004EC9852}"
EndProject
Project("{9A19103F-16F7-4668-BE54-9A1E7A4F7556}") = "Auth.Infrastructure", "Auth.Infrastructure\Auth.Infrastructure.csproj", "{326CC672-2656-40C5-A306-85BACEC12A8C}"
EndProject
Project("{9A19103F-16F7-4668-BE54-9A1E7A4F7556}") = "Auth.Application", "Auth.Application\Auth.Application.csproj", "{7FF36E46-D69C-4961-8E37-D2C20A1BF8D8}"
EndProject
Project("{9A19103F-16F7-4668-BE54-9A1E7A4F7556}") = "MyApp.Jwt", "MyApp.Jwt\MyApp.Jwt.csproj", "{2CCAF898-30CE-4709-B679-401472151545}"
EndProject
Project("{2150E333-8FDC-42A3-9474-1A3956D46DE8}") = "2.6 - Tests", "2.6 - Tests", "{18818A1E-4A70-4F81-AAA4-3445136DBB21}"
EndProject
Project("{9A19103F-16F7-4668-BE54-9A1E7A4F7556}") = "Splid.Domain.Tests", "Splid.Domain.Tests\Splid.Domain.Tests.csproj", "{A37842EE-3952-4CF9-BCF1-65446EFE88FE}"
EndProject
Project("{FAE04EC0-301F-11D3-BF4B-00C04F79EFBC}") = "Splid.Domain.Ownership", "Splid.Domain.Ownership\Splid.Domain.Ownership.csproj", "{1E2BA3F2-1E95-4FF2-9DF0-DCC6D9BDFAA8}"
EndProject
Global
	GlobalSection(SolutionConfigurationPlatforms) = preSolution
		Debug|Any CPU = Debug|Any CPU
		Release|Any CPU = Release|Any CPU
	EndGlobalSection
	GlobalSection(ProjectConfigurationPlatforms) = postSolution
		{228C7C01-A6BA-4FC1-AB18-BA05C0BD00B6}.Debug|Any CPU.ActiveCfg = Debug|Any CPU
		{228C7C01-A6BA-4FC1-AB18-BA05C0BD00B6}.Debug|Any CPU.Build.0 = Debug|Any CPU
		{228C7C01-A6BA-4FC1-AB18-BA05C0BD00B6}.Release|Any CPU.ActiveCfg = Release|Any CPU
		{228C7C01-A6BA-4FC1-AB18-BA05C0BD00B6}.Release|Any CPU.Build.0 = Release|Any CPU
		{EBCCAFFC-7C20-4892-8ECA-86B0B8C16A54}.Debug|Any CPU.ActiveCfg = Debug|Any CPU
		{EBCCAFFC-7C20-4892-8ECA-86B0B8C16A54}.Debug|Any CPU.Build.0 = Debug|Any CPU
		{EBCCAFFC-7C20-4892-8ECA-86B0B8C16A54}.Release|Any CPU.ActiveCfg = Release|Any CPU
		{EBCCAFFC-7C20-4892-8ECA-86B0B8C16A54}.Release|Any CPU.Build.0 = Release|Any CPU
		{7A7CA122-B9A1-4D16-81A2-B100D53E8501}.Debug|Any CPU.ActiveCfg = Debug|Any CPU
		{7A7CA122-B9A1-4D16-81A2-B100D53E8501}.Debug|Any CPU.Build.0 = Debug|Any CPU
		{7A7CA122-B9A1-4D16-81A2-B100D53E8501}.Release|Any CPU.ActiveCfg = Release|Any CPU
		{7A7CA122-B9A1-4D16-81A2-B100D53E8501}.Release|Any CPU.Build.0 = Release|Any CPU
		{B4FAD95F-4A32-4750-BD60-4A3888CD170F}.Debug|Any CPU.ActiveCfg = Debug|Any CPU
		{B4FAD95F-4A32-4750-BD60-4A3888CD170F}.Debug|Any CPU.Build.0 = Debug|Any CPU
		{B4FAD95F-4A32-4750-BD60-4A3888CD170F}.Release|Any CPU.ActiveCfg = Release|Any CPU
		{B4FAD95F-4A32-4750-BD60-4A3888CD170F}.Release|Any CPU.Build.0 = Release|Any CPU
		{1EC9535B-8E32-41EF-AA97-F374816A58EA}.Debug|Any CPU.ActiveCfg = Debug|Any CPU
		{1EC9535B-8E32-41EF-AA97-F374816A58EA}.Debug|Any CPU.Build.0 = Debug|Any CPU
		{1EC9535B-8E32-41EF-AA97-F374816A58EA}.Release|Any CPU.ActiveCfg = Release|Any CPU
		{1EC9535B-8E32-41EF-AA97-F374816A58EA}.Release|Any CPU.Build.0 = Release|Any CPU
		{00732983-8EF7-4D63-932C-0CBE2F9818D0}.Debug|Any CPU.ActiveCfg = Debug|Any CPU
		{00732983-8EF7-4D63-932C-0CBE2F9818D0}.Debug|Any CPU.Build.0 = Debug|Any CPU
		{00732983-8EF7-4D63-932C-0CBE2F9818D0}.Release|Any CPU.ActiveCfg = Release|Any CPU
		{00732983-8EF7-4D63-932C-0CBE2F9818D0}.Release|Any CPU.Build.0 = Release|Any CPU
		{0B8C8304-5F04-4BFF-B673-719FDBAD3E28}.Debug|Any CPU.ActiveCfg = Debug|Any CPU
		{0B8C8304-5F04-4BFF-B673-719FDBAD3E28}.Debug|Any CPU.Build.0 = Debug|Any CPU
		{0B8C8304-5F04-4BFF-B673-719FDBAD3E28}.Release|Any CPU.ActiveCfg = Release|Any CPU
		{0B8C8304-5F04-4BFF-B673-719FDBAD3E28}.Release|Any CPU.Build.0 = Release|Any CPU
		{0E4E8E30-A2A0-4105-9079-564004EC9852}.Debug|Any CPU.ActiveCfg = Debug|Any CPU
		{0E4E8E30-A2A0-4105-9079-564004EC9852}.Debug|Any CPU.Build.0 = Debug|Any CPU
		{0E4E8E30-A2A0-4105-9079-564004EC9852}.Release|Any CPU.ActiveCfg = Release|Any CPU
		{0E4E8E30-A2A0-4105-9079-564004EC9852}.Release|Any CPU.Build.0 = Release|Any CPU
		{326CC672-2656-40C5-A306-85BACEC12A8C}.Debug|Any CPU.ActiveCfg = Debug|Any CPU
		{326CC672-2656-40C5-A306-85BACEC12A8C}.Debug|Any CPU.Build.0 = Debug|Any CPU
		{326CC672-2656-40C5-A306-85BACEC12A8C}.Release|Any CPU.ActiveCfg = Release|Any CPU
		{326CC672-2656-40C5-A306-85BACEC12A8C}.Release|Any CPU.Build.0 = Release|Any CPU
		{7FF36E46-D69C-4961-8E37-D2C20A1BF8D8}.Debug|Any CPU.ActiveCfg = Debug|Any CPU
		{7FF36E46-D69C-4961-8E37-D2C20A1BF8D8}.Debug|Any CPU.Build.0 = Debug|Any CPU
		{7FF36E46-D69C-4961-8E37-D2C20A1BF8D8}.Release|Any CPU.ActiveCfg = Release|Any CPU
		{7FF36E46-D69C-4961-8E37-D2C20A1BF8D8}.Release|Any CPU.Build.0 = Release|Any CPU
		{2CCAF898-30CE-4709-B679-401472151545}.Debug|Any CPU.ActiveCfg = Debug|Any CPU
		{2CCAF898-30CE-4709-B679-401472151545}.Debug|Any CPU.Build.0 = Debug|Any CPU
		{2CCAF898-30CE-4709-B679-401472151545}.Release|Any CPU.ActiveCfg = Release|Any CPU
		{2CCAF898-30CE-4709-B679-401472151545}.Release|Any CPU.Build.0 = Release|Any CPU
		{A37842EE-3952-4CF9-BCF1-65446EFE88FE}.Debug|Any CPU.ActiveCfg = Debug|Any CPU
		{A37842EE-3952-4CF9-BCF1-65446EFE88FE}.Debug|Any CPU.Build.0 = Debug|Any CPU
		{A37842EE-3952-4CF9-BCF1-65446EFE88FE}.Release|Any CPU.ActiveCfg = Release|Any CPU
		{A37842EE-3952-4CF9-BCF1-65446EFE88FE}.Release|Any CPU.Build.0 = Release|Any CPU
		{1E2BA3F2-1E95-4FF2-9DF0-DCC6D9BDFAA8}.Debug|Any CPU.ActiveCfg = Debug|Any CPU
		{1E2BA3F2-1E95-4FF2-9DF0-DCC6D9BDFAA8}.Debug|Any CPU.Build.0 = Debug|Any CPU
		{1E2BA3F2-1E95-4FF2-9DF0-DCC6D9BDFAA8}.Release|Any CPU.ActiveCfg = Release|Any CPU
		{1E2BA3F2-1E95-4FF2-9DF0-DCC6D9BDFAA8}.Release|Any CPU.Build.0 = Release|Any CPU
	EndGlobalSection
	GlobalSection(SolutionProperties) = preSolution
		HideSolutionNode = FALSE
	EndGlobalSection
	GlobalSection(NestedProjects) = preSolution
		{228C7C01-A6BA-4FC1-AB18-BA05C0BD00B6} = {824B8F85-C004-4E83-BD81-9289EB339BBD}
		{EBCCAFFC-7C20-4892-8ECA-86B0B8C16A54} = {9E8730B2-36B7-4F1C-902E-77A428A68609}
		{7A7CA122-B9A1-4D16-81A2-B100D53E8501} = {11717AA6-4279-46EC-BB19-D80CD82997D3}
		{B4FAD95F-4A32-4750-BD60-4A3888CD170F} = {D67E473D-4EC8-43CC-A166-51395C54A6BD}
		{1EC9535B-8E32-41EF-AA97-F374816A58EA} = {DDF8BCE7-FD8A-460E-800D-E975ADA7A2DE}
		{00732983-8EF7-4D63-932C-0CBE2F9818D0} = {9E8730B2-36B7-4F1C-902E-77A428A68609}
		{0B8C8304-5F04-4BFF-B673-719FDBAD3E28} = {CCF7E523-BFF2-4279-BA3F-AF8DD2914313}
		{DDF8BCE7-FD8A-460E-800D-E975ADA7A2DE} = {5FCC1FE2-B6BB-4D08-A106-B950131FC231}
		{D67E473D-4EC8-43CC-A166-51395C54A6BD} = {5FCC1FE2-B6BB-4D08-A106-B950131FC231}
		{824B8F85-C004-4E83-BD81-9289EB339BBD} = {5FCC1FE2-B6BB-4D08-A106-B950131FC231}
		{11717AA6-4279-46EC-BB19-D80CD82997D3} = {5FCC1FE2-B6BB-4D08-A106-B950131FC231}
		{0E4E8E30-A2A0-4105-9079-564004EC9852} = {9E8730B2-36B7-4F1C-902E-77A428A68609}
		{326CC672-2656-40C5-A306-85BACEC12A8C} = {AD0E224E-37C2-4570-83F8-97FBC18936DC}
		{7FF36E46-D69C-4961-8E37-D2C20A1BF8D8} = {AD0E224E-37C2-4570-83F8-97FBC18936DC}
		{2CCAF898-30CE-4709-B679-401472151545} = {CCF7E523-BFF2-4279-BA3F-AF8DD2914313}
		{18818A1E-4A70-4F81-AAA4-3445136DBB21} = {5FCC1FE2-B6BB-4D08-A106-B950131FC231}
		{A37842EE-3952-4CF9-BCF1-65446EFE88FE} = {18818A1E-4A70-4F81-AAA4-3445136DBB21}
		{1E2BA3F2-1E95-4FF2-9DF0-DCC6D9BDFAA8} = {D67E473D-4EC8-43CC-A166-51395C54A6BD}
	EndGlobalSection
	GlobalSection(ExtensibilityGlobals) = postSolution
		SolutionGuid = {0E77A634-0270-47CE-B139-8BB82F10CBA6}
	EndGlobalSection
EndGlobal
